
Microsoft Visual Studio Solution File, Format Version 12.00
# Visual Studio 15
VisualStudioVersion = 15.0.28307.2092
MinimumVisualStudioVersion = 10.0.40219.1
Project("{8BC9CEB8-8B4A-11D0-8D11-00A0C91BC942}") = "player", "player\player.vcxproj", "{10CC3D28-7609-49BC-ACA3-1FCB423E77D5}"
EndProject
Global
	GlobalSection(SolutionConfigurationPlatforms) = preSolution
		Debug|x64 = Debug|x64
		Release|x64 = Release|x64
	EndGlobalSection
	GlobalSection(ProjectConfigurationPlatforms) = postSolution
		{10CC3D28-7609-49BC-ACA3-1FCB423E77D5}.Debug|x64.ActiveCfg = Debug|x64
		{10CC3D28-7609-49BC-ACA3-1FCB423E77D5}.Debug|x64.Build.0 = Debug|x64
		{10CC3D28-7609-49BC-ACA3-1FCB423E77D5}.Release|x64.ActiveCfg = Release|x64
		{10CC3D28-7609-49BC-ACA3-1FCB423E77D5}.Release|x64.Build.0 = Release|x64
	EndGlobalSection
	GlobalSection(SolutionProperties) = preSolution
		HideSolutionNode = FALSE
	EndGlobalSection
	GlobalSection(ExtensibilityGlobals) = postSolution
		SolutionGuid = {7E63E6D5-44BE-4D07-902A-CBB99B03AAFF}
	EndGlobalSection
EndGlobal
